PODS:
  - BackgroundUpload-CocoaLumberjack (0.3.5):
    - CocoaLumberjack
  - CocoaLumberjack (3.6.1):
    - CocoaLumberjack/Core (= 3.6.1)
  - CocoaLumberjack/Core (3.6.1)

DEPENDENCIES:
  - BackgroundUpload-CocoaLumberjack (from `../`)
  - CocoaLumberjack

SPEC REPOS:
  https://github.com/CocoaPods/Specs.git:
    - CocoaLumberjack

EXTERNAL SOURCES:
  BackgroundUpload-CocoaLumberjack:
    :path: "../"

SPEC CHECKSUMS:
  BackgroundUpload-CocoaLumberjack: d00abcaa658916b6b455a3ffaaaea8d0bea06c16
  CocoaLumberjack: b17ae15142558d08bbacf69775fa10c4abbebcc9

PODFILE CHECKSUM: a6bb2cb06194c0f7fe64051c5590d0921a207ae7

COCOAPODS: 1.9.1
